
Microsoft Visual Studio Solution File, Format Version 12.00
# Visual Studio Version 16
VisualStudioVersion = 16.0.29920.165
MinimumVisualStudioVersion = 10.0.40219.1
Project("{FAE04EC0-301F-11D3-BF4B-00C04F79EFBC}") = "YesOrNo", "YesOrNo\YesOrNo.csproj", "{EFF72193-E943-4571-9ACE-D1EEF90E8E11}"
EndProject
Global
	GlobalSection(SolutionConfigurationPlatforms) = preSolution
		Debug|Any CPU = Debug|Any CPU
		Release|Any CPU = Release|Any CPU
	EndGlobalSection
	GlobalSection(ProjectConfigurationPlatforms) = postSolution
		{EFF72193-E943-4571-9ACE-D1EEF90E8E11}.Debug|Any CPU.ActiveCfg = Debug|Any CPU
		{EFF72193-E943-4571-9ACE-D1EEF90E8E11}.Debug|Any CPU.Build.0 = Debug|Any CPU
		{EFF72193-E943-4571-9ACE-D1EEF90E8E11}.Release|Any CPU.ActiveCfg = Release|Any CPU
		{EFF72193-E943-4571-9ACE-D1EEF90E8E11}.Release|Any CPU.Build.0 = Release|Any CPU
	EndGlobalSection
	GlobalSection(SolutionProperties) = preSolution
		HideSolutionNode = FALSE
	EndGlobalSection
	GlobalSection(ExtensibilityGlobals) = postSolution
		SolutionGuid = {29594EFA-5535-4094-ABC2-FEED04703367}
	EndGlobalSection
EndGlobal
